apiVersion: "local.storage.openshift.io/v1"
kind: "LocalVolume"
metadata:
  name: "local-disks"
  namespace: "local-storage"
spec:
  nodeSelector:
    nodeSelectorTerms:
    - matchExpressions:
        - key: kubernetes.io/hostname
          operator: In
          values:
          - worker4.mycluster.example.com
          - worker5.mycluster.example.com
          - worker6.mycluster.example.com
  storageClassDevices:
    - storageClassName: "localblock-sc"
      volumeMode: Block
      devicePaths:
        - /dev/vdc